
Microsoft Visual Studio Solution File, Format Version 12.00
# Visual Studio 2012
Project("{FAE04EC0-301F-11D3-BF4B-00C04F79EFBC}") = "Bootstrapper", "Bootstrapper\Bootstrapper.csproj", "{A3BA1D17-F291-4F06-A124-DEE5935283EE}"
EndProject
Global
	GlobalSection(SolutionConfigurationPlatforms) = preSolution
		Debug|Any CPU = Debug|Any CPU
		Release|Any CPU = Release|Any CPU
	EndGlobalSection
	GlobalSection(ProjectConfigurationPlatforms) = postSolution
		{A3BA1D17-F291-4F06-A124-DEE5935283EE}.Debug|Any CPU.ActiveCfg = Debug|Any CPU
		{A3BA1D17-F291-4F06-A124-DEE5935283EE}.Debug|Any CPU.Build.0 = Debug|Any CPU
		{A3BA1D17-F291-4F06-A124-DEE5935283EE}.Release|Any CPU.ActiveCfg = Release|Any CPU
		{A3BA1D17-F291-4F06-A124-DEE5935283EE}.Release|Any CPU.Build.0 = Release|Any CPU
	EndGlobalSection
	GlobalSection(SolutionProperties) = preSolution
		HideSolutionNode = FALSE
	EndGlobalSection
EndGlobal
